Microsoft Visual Studio Solution File, Format Version 12.00
# Visual Studio Version 16
VisualStudioVersion = 16.0.32413.511
MinimumVisualStudioVersion = 10.0.40219.1
Project("{FAE04EC0-301F-11D3-BF4B-00C04F79EFBC}") = "Spenders", "Spenders\Spenders.csproj", "{2D4D90B5-7B18-4345-A491-35C1118A9BA0}"
EndProject
Project("{FAE04EC0-301F-11D3-BF4B-00C04F79EFBC}") = "Spenders.Tests", "Spenders.Tests\Spenders.Tests.csproj", "{3D2BE24E-9F04-4AE4-A2EA-C6EC9C48E05E}"
EndProject
Global
        GlobalSection(SolutionConfigurationPlatforms) = preSolution
                Debug|Any CPU = Debug|Any CPU
                Release|Any CPU = Release|Any CPU
        EndGlobalSection
        GlobalSection(ProjectConfigurationPlatforms) = postSolution
                {2D4D90B5-7B18-4345-A491-35C1118A9BA0}.Debug|Any CPU.ActiveCfg = Debug|Any CPU
                {2D4D90B5-7B18-4345-A491-35C1118A9BA0}.Debug|Any CPU.Build.0 = Debug|Any CPU
                {2D4D90B5-7B18-4345-A491-35C1118A9BA0}.Release|Any CPU.ActiveCfg = Release|Any CPU
                {2D4D90B5-7B18-4345-A491-35C1118A9BA0}.Release|Any CPU.Build.0 = Release|Any CPU
                {3D2BE24E-9F04-4AE4-A2EA-C6EC9C48E05E}.Debug|Any CPU.ActiveCfg = Debug|Any CPU
                {3D2BE24E-9F04-4AE4-A2EA-C6EC9C48E05E}.Debug|Any CPU.Build.0 = Debug|Any CPU
                {3D2BE24E-9F04-4AE4-A2EA-C6EC9C48E05E}.Release|Any CPU.ActiveCfg = Release|Any CPU
                {3D2BE24E-9F04-4AE4-A2EA-C6EC9C48E05E}.Release|Any CPU.Build.0 = Release|Any CPU
        EndGlobalSection
        GlobalSection(SolutionProperties) = preSolution
                HideSolutionNode = FALSE
        EndGlobalSection
        GlobalSection(ExtensibilityGlobals) = postSolution
                SolutionGuid = {E891A3EC-F129-494F-A977-FC27867614EC}
        EndGlobalSection
EndGlobal
